# THIS IS AN AUTOGENERATED FILE. DO NOT EDIT THIS FILE DIRECTLY.
# yarn lockfile v1


fast-redact@^1.4.4:
  version "1.5.0"
  resolved "https://registry.yarnpkg.com/fast-redact/-/fast-redact-1.5.0.tgz#302892f566750c4f5eec7b830bfc9bc473484034"
  integrity sha512-Afo61CgUjkzdvOKDHn08qnZ0kwck38AOGcMlvSGzvJbIab6soAP5rdoQayecGCDsD69AiF9vJBXyq31eoEO2tQ==

fast-safe-stringify@^2.0.6:
  version "2.0.6"
  resolved "https://registry.yarnpkg.com/fast-safe-stringify/-/fast-safe-stringify-2.0.6.tgz#04b26106cc56681f51a044cfc0d76cf0008ac2c2"
  integrity sha512-q8BZ89jjc+mz08rSxROs8VsrBBcn1SIw1kq9NjolL509tkABRk9io01RAjSaEv1Xb2uFLt8VtRiZbGp5H8iDtg==

flatstr@^1.0.12, flatstr@^1.0.9:
  version "1.0.12"
  resolved "https://registry.yarnpkg.com/flatstr/-/flatstr-1.0.12.tgz#c2ba6a08173edbb6c9640e3055b95e287ceb5931"
  integrity sha512-4zPxDyhCyiN2wIAtSLI6gc82/EjqZc1onI4Mz/l0pWrAlsSfYH/2ZIcU+e3oA2wDwbzIWNKwa23F8rh6+DRWkw==

pino-std-serializers@^2.3.0:
  version "2.4.2"
  resolved "https://registry.yarnpkg.com/pino-std-serializers/-/pino-std-serializers-2.4.2.tgz#cb5e3e58c358b26f88969d7e619ae54bdfcc1ae1"
  integrity sha512-WaL504dO8eGs+vrK+j4BuQQq6GLKeCCcHaMB2ItygzVURcL1CycwNEUHTD/lHFHs/NL5qAz2UKrjYWXKSf4aMQ==

pino@^5.13.2:
  version "5.13.2"
  resolved "https://registry.yarnpkg.com/pino/-/pino-5.13.2.tgz#773416c9764634276e7b2ae021357679ff7b5634"
  integrity sha512-WwOSCy36/gWhinsqWqAnuwIi2WtcH+jvoyeLm3bjUALIrzWIst0AovQjK4jVvSN2l64KFPfi3gd2fjsTovjdLQ==
  dependencies:
    fast-redact "^1.4.4"
    fast-safe-stringify "^2.0.6"
    flatstr "^1.0.9"
    pino-std-serializers "^2.3.0"
    quick-format-unescaped "^3.0.2"
    sonic-boom "^0.7.5"

quick-format-unescaped@^3.0.2:
  version "3.0.2"
  resolved "https://registry.yarnpkg.com/quick-format-unescaped/-/quick-format-unescaped-3.0.2.tgz#0137e94d8fb37ffeb70040535111c378e75396fb"
  integrity sha512-FXTaCkwvpIlkdKeGDNgcq07SXWS383noQUuZjvdE1QcTt+eLuqof6/BDiEPqB59FWLie/l91+HtlJSw7iCViSA==

sonic-boom@^0.7.5:
  version "0.7.5"
  resolved "https://registry.yarnpkg.com/sonic-boom/-/sonic-boom-0.7.5.tgz#b383d92cdaaa8e66d1f77bdec71b49806d01b5f1"
  integrity sha512-1pKrnAV6RfvntPnarY71tpthFTM3pWZWWQdghZY8ARjtDPGzG/inxqSuRwQY/7V1woUjfyxPb437zn4p5phgnQ==
  dependencies:
    flatstr "^1.0.12"
